<?xml version="1.0" encoding="utf-8"?>
<Project ToolsVersion="4.0" xmlns="http://schemas.microsoft.com/developer/msbuild/2003">
  <ItemGroup>
    <Filter Include="Source Files">
      <UniqueIdentifier>{4FC737F1-C7A5-4376-A066-2A32D752A2FF}</UniqueIdentifier>
      <Extensions>cpp;c;cc;cxx;def;odl;idl;hpj;bat;asm;asmx</Extensions>
    </Filter>
    <Filter Include="Header Files">
      <UniqueIdentifier>{93995380-89BD-4b04-88EB-625FBE52EBFB}</UniqueIdentifier>
      <Extensions>h;hpp;hxx;hm;inl;inc;xsd</Extensions>
    </Filter>
    <Filter Include="Resource Files">
      <UniqueIdentifier>{67DA6AB6-F800-4c08-8B7A-83BB121AAD01}</UniqueIdentifier>
      <Extensions>rc;ico;cur;bmp;dlg;rc2;rct;bin;rgs;gif;jpg;jpeg;jpe;resx;tiff;tif;png;wav</Extensions>
    </Filter>
    <Filter Include="Source Files\shaders">
      <UniqueIdentifier>{90da590a-0fd6-4e33-8c0d-5d215c9fb726}</UniqueIdentifier>
    </Filter>
    <Filter Include="Source Files\blocks">
      <UniqueIdentifier>{a164b064-e8f7-421f-a307-a72020b6ebae}</UniqueIdentifier>
    </Filter>
    <Filter Include="Source Files\blocks\Cinder-DSAPI">
      <UniqueIdentifier>{53c06e4e-f882-4d79-9488-193d27580260}</UniqueIdentifier>
    </Filter>
  </ItemGroup>
  <ItemGroup>
    <ClCompile Include="..\src\CloudNineApp.cpp">
      <Filter>Source Files</Filter>
    </ClCompile>
    <ClCompile Include="..\src\CloudNineApp.cpp">
      <Filter>Source Files</Filter>
    </ClCompile>
    <ClInclude Include="..\include\Resources.h">
      <Filter>Header Files</Filter>
    </ClInclude>
    <ClCompile Include="..\..\..\..\libs\CinderBlocks\blocks\Cinder-DSAPI\src\CiDSAPI.cpp">
      <Filter>Source Files\blocks\Cinder-DSAPI</Filter>
    </ClCompile>
  </ItemGroup>
  <ItemGroup>
    <ClInclude Include="..\include\Resources.h">
      <Filter>Header Files</Filter>
    </ClInclude>
    <ClInclude Include="..\..\..\..\libs\CinderBlocks\blocks\Cinder-DSAPI\src\CiDSAPI.h">
      <Filter>Source Files\blocks\Cinder-DSAPI</Filter>
    </ClInclude>
  </ItemGroup>
  <ItemGroup>
    <ResourceCompile Include="Resources.rc">
      <Filter>Resource Files</Filter>
    </ResourceCompile>
  </ItemGroup>
  <ItemGroup>
    <None Include="..\assets\cloud.frag">
      <Filter>Source Files\shaders</Filter>
    </None>
    <None Include="..\assets\cloud.vert">
      <Filter>Source Files\shaders</Filter>
    </None>
    <None Include="..\assets\skybox.frag">
      <Filter>Source Files\shaders</Filter>
    </None>
    <None Include="..\assets\skybox.vert">
      <Filter>Source Files\shaders</Filter>
    </None>
    <None Include="..\assets\particle.frag">
      <Filter>Source Files\shaders</Filter>
    </None>
    <None Include="..\assets\particle.vert">
      <Filter>Source Files\shaders</Filter>
    </None>
  </ItemGroup>
</Project>